
Microsoft Visual Studio Solution File, Format Version 12.00
# Visual Studio Version 17
VisualStudioVersion = 17.0.31903.59
MinimumVisualStudioVersion = 10.0.40219.1
Project("{2150E333-8FDC-42A3-9474-1A3956D46DE8}") = "Services", "Services", "{549F746A-8827-44E2-8F8B-58CD814D8C27}"
EndProject
Project("{2150E333-8FDC-42A3-9474-1A3956D46DE8}") = "Catalog", "Catalog", "{7447010F-855A-4B7E-87C3-3D3C0AACB3B7}"
EndProject
Project("{FAE04EC0-301F-11D3-BF4B-00C04F79EFBC}") = "CaltalogAPI", "Services\Catalog\CatalogAPI\CaltalogAPI.csproj", "{9A7FD9A8-ECAB-42BF-95B3-080DE045F97C}"
EndProject
Global
	GlobalSection(SolutionConfigurationPlatforms) = preSolution
		Debug|Any CPU = Debug|Any CPU
		Release|Any CPU = Release|Any CPU
	EndGlobalSection
	GlobalSection(SolutionProperties) = preSolution
		HideSolutionNode = FALSE
	EndGlobalSection
	GlobalSection(ProjectConfigurationPlatforms) = postSolution
		{9A7FD9A8-ECAB-42BF-95B3-080DE045F97C}.Debug|Any CPU.ActiveCfg = Debug|Any CPU
		{9A7FD9A8-ECAB-42BF-95B3-080DE045F97C}.Debug|Any CPU.Build.0 = Debug|Any CPU
		{9A7FD9A8-ECAB-42BF-95B3-080DE045F97C}.Release|Any CPU.ActiveCfg = Release|Any CPU
		{9A7FD9A8-ECAB-42BF-95B3-080DE045F97C}.Release|Any CPU.Build.0 = Release|Any CPU
	EndGlobalSection
	GlobalSection(NestedProjects) = preSolution
		{7447010F-855A-4B7E-87C3-3D3C0AACB3B7} = {549F746A-8827-44E2-8F8B-58CD814D8C27}
		{9A7FD9A8-ECAB-42BF-95B3-080DE045F97C} = {7447010F-855A-4B7E-87C3-3D3C0AACB3B7}
	EndGlobalSection
EndGlobal
